// !$*UTF8*$!
{
	archiveVersion = 1;
	classes = {
	};
	objectVersion = 46;
	objects = {

/* Begin PBXBuildFile section */
		02A09CA406D2CBFF87A58E37 /* StatsAndExport.swift in Sources */ = {isa = PBXBuildFile; fileRef = C49B85AE35DB758D960F43A7 /* StatsAndExport.swift */; };
		10106D86FD0214B020A2CB1B /* DiagramSlides.swift in Sources */ = {isa = PBXBuildFile; fileRef = 9108CD63A781625B33C9DB80 /* DiagramSlides.swift */; };
		102EF490AA64380D7D31FFAB /* EnhancedScorecardView.swift in Sources */ = {isa = PBXBuildFile; fileRef = D501CF90AF73D6898FCBC09F /* EnhancedScorecardView.swift */; };
		131BEA85452BA2B7730E094B /* NavigationCoordinator.swift in Sources */ = {isa = PBXBuildFile; fileRef = FA86C08C421C79A3BE73B04F /* NavigationCoordinator.swift */; };
		1E4D179A119D0CF919B7D3FA /* FormatFinderApp.swift in Sources */ = {isa = PBXBuildFile; fileRef = EC09AE74289919090FCE8F30 /* FormatFinderApp.swift */; };
		1FEE17158570A42E72679C8D /* AnimatedFormatExplainer.swift in Sources */ = {isa = PBXBuildFile; fileRef = 75AED8FA7F57258E1BAEEFC3 /* AnimatedFormatExplainer.swift */; };
		217B447BCEF6240A41D3FCCD /* InteractiveFormatView.swift in Sources */ = {isa = PBXBuildFile; fileRef = EED86648EA2F41A97F3DCB9C /* InteractiveFormatView.swift */; };
		2D24CD249A2CF6849916EE52 /* TimerManager.swift in Sources */ = {isa = PBXBuildFile; fileRef = 9705B466CEAC35FCE3F2E62E /* TimerManager.swift */; };
		2FD832BDDA404F520E59D025 /* StickFigureGolfAnimations.swift in Sources */ = {isa = PBXBuildFile; fileRef = 88E8333E91D08829813029D8 /* StickFigureGolfAnimations.swift */; };
		363CCA0A492C0FA56A8A1C15 /* GameConfigurationView.swift in Sources */ = {isa = PBXBuildFile; fileRef = DCF17F1AC343984E7C3F22D3 /* GameConfigurationView.swift */; };
		36CF14537E663182EE6FD684 /* CloudKitSyncService.swift in Sources */ = {isa = PBXBuildFile; fileRef = 98A5A31F2F4BA3FE7D488E98 /* CloudKitSyncService.swift */; };
		37CAD5B8B5AE702E29363D96 /* Assets.xcassets in Resources */ = {isa = PBXBuildFile; fileRef = 08899AF940B684FE919708EF /* Assets.xcassets */; };
		3885A59E0C00F4782048A391 /* ExtendedGolfFormats.swift in Sources */ = {isa = PBXBuildFile; fileRef = EC238EDDA87FA71B2F523C04 /* ExtendedGolfFormats.swift */; };
		4A485194E5222EF7DAC6999C /* UXEnhancements.swift in Sources */ = {isa = PBXBuildFile; fileRef = 502EE0BC2BA8E5999BD2CAAE /* UXEnhancements.swift */; };
		56EC1D0EC2761367E6413AA1 /* FeatureFlags.swift in Sources */ = {isa = PBXBuildFile; fileRef = 18A7AF4009716EA45FFFD94E /* FeatureFlags.swift */; };
		5A808D4CB1FCEF8ACA86281C /* GameModeSelector.swift in Sources */ = {isa = PBXBuildFile; fileRef = D351B7922749B3F2A593CEA8 /* GameModeSelector.swift */; };
		5F2065C4BD7D631A46C02EEA /* GolfFormatProtocol.swift in Sources */ = {isa = PBXBuildFile; fileRef = 338BA31ED6A0F14A27E2F3B4 /* GolfFormatProtocol.swift */; };
		60105C96A3D5523799F37297 /* BallPhysicsEngine.swift in Sources */ = {isa = PBXBuildFile; fileRef = 5F307B73AF99260257A987D7 /* BallPhysicsEngine.swift */; };
		6FD05214AD3463AF5999D4BE /* IntuitiveDemonstration.swift in Sources */ = {isa = PBXBuildFile; fileRef = CA03059A54275CE63F669148 /* IntuitiveDemonstration.swift */; };
		77646A97F5FBEC475E550C23 /* FormatComparisonVisualizer.swift in Sources */ = {isa = PBXBuildFile; fileRef = 6F5B7BF1C4C1EFE114675BF3 /* FormatComparisonVisualizer.swift */; };
		791F77F30598E713353E0EDD /* PerformanceOptimizations.swift in Sources */ = {isa = PBXBuildFile; fileRef = DD784F77B9B0D6542A9818B7 /* PerformanceOptimizations.swift */; };
		7B591622D391731B4014281C /* GolfFormatsData.swift in Sources */ = {isa = PBXBuildFile; fileRef = 237FC10D8A792814F4AED828 /* GolfFormatsData.swift */; };
		A41D63234948C89AFF49DE81 /* CoreDataStack.swift in Sources */ = {isa = PBXBuildFile; fileRef = 895D6896D6A4558B4295825C /* CoreDataStack.swift */; };
		A5931879232C836BA361BDF8 /* ErrorHandling.swift in Sources */ = {isa = PBXBuildFile; fileRef = 846CC6E800A974423FBA2FA0 /* ErrorHandling.swift */; };
		A7B261B4A720AB9512980B95 /* MicroInteractions.swift in Sources */ = {isa = PBXBuildFile; fileRef = 8C10D3EADB5201B292A3C5CD /* MicroInteractions.swift */; };
		A89913C3EA102DEC59AF0205 /* AppIcon.swift in Sources */ = {isa = PBXBuildFile; fileRef = B0586F2BCAA1F87419687770 /* AppIcon.swift */; };
		ACDBEF145B73C934AF57DD99 /* Middleware.swift in Sources */ = {isa = PBXBuildFile; fileRef = 93AEDA5F4D94EAD4DCF495BE /* Middleware.swift */; };
		ACDC2EF19DC5A8E4B9C0FF30 /* RoundRepository.swift in Sources */ = {isa = PBXBuildFile; fileRef = 297879072AB0C78C77261FFA /* RoundRepository.swift */; };
		AEE9F5FA470316C2741C86E9 /* AccessibilityEnhancements.swift in Sources */ = {isa = PBXBuildFile; fileRef = E90B204E74B06FD59AFFCFAD /* AccessibilityEnhancements.swift */; };
		B21707DE43AE25887E585898 /* BackendServices.swift in Sources */ = {isa = PBXBuildFile; fileRef = 46D04EDF00D893E83E7888AB /* BackendServices.swift */; };
		B6E8D0CA126D27ECFEEB3D3B /* ModernScorecardView.swift in Sources */ = {isa = PBXBuildFile; fileRef = 3AAB065B31BA04CE2BEE8A0A /* ModernScorecardView.swift */; };
		BB7AB800E9682545A977BC28 /* AdvancedScorecards.swift in Sources */ = {isa = PBXBuildFile; fileRef = 495DA8EECB5F48BAF626FB60 /* AdvancedScorecards.swift */; };
		BC58B3E3B357F26385C8AC92 /* ScrambleFormat.swift in Sources */ = {isa = PBXBuildFile; fileRef = 963DDD2D427935039AE7C865 /* ScrambleFormat.swift */; };
		BD5E162E7A58E3A45C9C0B27 /* ThemeEngine.swift in Sources */ = {isa = PBXBuildFile; fileRef = DB82E2AC0C8C94FB87010171 /* ThemeEngine.swift */; };
		UNIFIEDTHEME1234567890ABC /* UnifiedTheme.swift in Sources */ = {isa = PBXBuildFile; fileRef = UNIFIEDTHEME1234567890ABD /* UnifiedTheme.swift */; };
		COURSEDATA12345678901234 /* CourseData.swift in Sources */ = {isa = PBXBuildFile; fileRef = COURSEDATA12345678901235 /* CourseData.swift */; };
		GOLFFORMATHOME123456789AB /* GolfFormatHomeView.swift in Sources */ = {isa = PBXBuildFile; fileRef = GOLFFORMATHOME123456789AC /* GolfFormatHomeView.swift */; };
		BF2D542766A37FF3D1FB9D03 /* Preview Assets.xcassets in Resources */ = {isa = PBXBuildFile; fileRef = 50526F4B93CF2A77DED989DC /* Preview Assets.xcassets */; };
		BF95F59860048498028606CB /* GolfFormat.swift in Sources */ = {isa = PBXBuildFile; fileRef = 8D78C4042A786D416B21661D /* GolfFormat.swift */; };
		C0135592E8AAF32F5219D446 /* Foundation.framework in Frameworks */ = {isa = PBXBuildFile; fileRef = 4F7EBCB7180FC49D9578FC02 /* Foundation.framework */; };
		C4CC4F04ED32E0AA5771B63B /* GenerateAppIcon.swift in Sources */ = {isa = PBXBuildFile; fileRef = 72D70042D993682246FF5589 /* GenerateAppIcon.swift */; };
		C9F1FF360ECA04F3139E8836 /* RemainingFormatScorecards.swift in Sources */ = {isa = PBXBuildFile; fileRef = 22D536D37878D9F1C1784346 /* RemainingFormatScorecards.swift */; };
		CC638EF87EB90A40112E943D /* GameStore.swift in Sources */ = {isa = PBXBuildFile; fileRef = C4DC61D3938E3A265B76ED9C /* GameStore.swift */; };
		CD892BD27E717190AC4AC394 /* GlassmorphismEffects.swift in Sources */ = {isa = PBXBuildFile; fileRef = 70A24190754BA3185FED2178 /* GlassmorphismEffects.swift */; };
		D9548664BD7C9FD0681821A3 /* ScorecardContainer.swift in Sources */ = {isa = PBXBuildFile; fileRef = 2940609A3A5192395662247F /* ScorecardContainer.swift */; };
		E474712D3EB5CD39DE1C9EDA /* AppIconView.swift in Sources */ = {isa = PBXBuildFile; fileRef = FF76B3B95836CC383CD7F973 /* AppIconView.swift */; };
		EF51095FCA0F16A240D4EA65 /* FormatScorecards.swift in Sources */ = {isa = PBXBuildFile; fileRef = 75D40F03962862BBE0D25520 /* FormatScorecards.swift */; };
		F0FCE69AF07A8A8F43037BA9 /* MastersFormatView.swift in Sources */ = {isa = PBXBuildFile; fileRef = FEC9C15A07B40C493641116E /* MastersFormatView.swift */; };
		F20F65D82E9B9AA74B56BC05 /* StateAdapter.swift in Sources */ = {isa = PBXBuildFile; fileRef = F4B1F4511C97BE1AC7F0A5F7 /* StateAdapter.swift */; };
		F4CFB4677C831A6D5B7FC574 /* SmartCaddie.swift in Sources */ = {isa = PBXBuildFile; fileRef = E0E38F143E19FACB0188B41B /* SmartCaddie.swift */; };
		AABBCCDD1234567890ABCDEF /* SwipeableFormatCards.swift in Sources */ = {isa = PBXBuildFile; fileRef = AABBCCDD1234567890ABCDE0 /* SwipeableFormatCards.swift */; };
		AABBCCDD1234567890ABCDE1 /* FormatDataService.swift in Sources */ = {isa = PBXBuildFile; fileRef = AABBCCDD1234567890ABCDE2 /* FormatDataService.swift */; };
/* End PBXBuildFile section */

/* Begin PBXFileReference section */
		08899AF940B684FE919708EF /* Assets.xcassets */ = {isa = PBXFileReference; includeInIndex = 1; lastKnownFileType = folder.assetcatalog; name = Assets.xcassets; path = FormatFinder/Assets.xcassets; sourceTree = "<group>"; };
		18A7AF4009716EA45FFFD94E /* FeatureFlags.swift */ = {isa = PBXFileReference; includeInIndex = 1; lastKnownFileType = sourcecode.swift; name = FeatureFlags.swift; path = FormatFinder/Utils/FeatureFlags.swift; sourceTree = "<group>"; };
		22D536D37878D9F1C1784346 /* RemainingFormatScorecards.swift */ = {isa = PBXFileReference; includeInIndex = 1; lastKnownFileType = sourcecode.swift; name = RemainingFormatScorecards.swift; path = FormatFinder/Features/Scorecards/RemainingFormatScorecards.swift; sourceTree = "<group>"; };
		237FC10D8A792814F4AED828 /* GolfFormatsData.swift */ = {isa = PBXFileReference; includeInIndex = 1; lastKnownFileType = sourcecode.swift; name = GolfFormatsData.swift; path = FormatFinder/Data/GolfFormatsData.swift; sourceTree = "<group>"; };
		2940609A3A5192395662247F /* ScorecardContainer.swift */ = {isa = PBXFileReference; includeInIndex = 1; lastKnownFileType = sourcecode.swift; name = ScorecardContainer.swift; path = FormatFinder/Features/Scorecards/ScorecardContainer.swift; sourceTree = "<group>"; };
		297879072AB0C78C77261FFA /* RoundRepository.swift */ = {isa = PBXFileReference; includeInIndex = 1; lastKnownFileType = sourcecode.swift; name = RoundRepository.swift; path = FormatFinder/Core/DataLayer/Repositories/RoundRepository.swift; sourceTree = "<group>"; };
		338BA31ED6A0F14A27E2F3B4 /* GolfFormatProtocol.swift */ = {isa = PBXFileReference; includeInIndex = 1; lastKnownFileType = sourcecode.swift; name = GolfFormatProtocol.swift; path = FormatFinder/Core/GameEngine/Protocols/GolfFormatProtocol.swift; sourceTree = "<group>"; };
		3AAB065B31BA04CE2BEE8A0A /* ModernScorecardView.swift */ = {isa = PBXFileReference; includeInIndex = 1; lastKnownFileType = sourcecode.swift; name = ModernScorecardView.swift; path = FormatFinder/Features/Scorecards/ModernScorecardView.swift; sourceTree = "<group>"; };
		46D04EDF00D893E83E7888AB /* BackendServices.swift */ = {isa = PBXFileReference; includeInIndex = 1; lastKnownFileType = sourcecode.swift; name = BackendServices.swift; path = FormatFinder/Core/Services/BackendServices.swift; sourceTree = "<group>"; };
		495DA8EECB5F48BAF626FB60 /* AdvancedScorecards.swift */ = {isa = PBXFileReference; includeInIndex = 1; lastKnownFileType = sourcecode.swift; name = AdvancedScorecards.swift; path = FormatFinder/Features/Scorecards/AdvancedScorecards.swift; sourceTree = "<group>"; };
		4F7EBCB7180FC49D9578FC02 /* Foundation.framework */ = {isa = PBXFileReference; lastKnownFileType = wrapper.framework; name = Foundation.framework; path = Platforms/iPhoneOS.platform/Developer/SDKs/iPhoneOS18.0.sdk/System/Library/Frameworks/Foundation.framework; sourceTree = DEVELOPER_DIR; };
		502EE0BC2BA8E5999BD2CAAE /* UXEnhancements.swift */ = {isa = PBXFileReference; includeInIndex = 1; lastKnownFileType = sourcecode.swift; name = UXEnhancements.swift; path = FormatFinder/Utils/UXEnhancements.swift; sourceTree = "<group>"; };
		50526F4B93CF2A77DED989DC /* Preview Assets.xcassets */ = {isa = PBXFileReference; includeInIndex = 1; lastKnownFileType = folder.assetcatalog; name = "Preview Assets.xcassets"; path = "FormatFinder/Preview Content/Preview Assets.xcassets"; sourceTree = "<group>"; };
		5668695EE7092B09E29D1282 /* FormatFinder.app */ = {isa = PBXFileReference; explicitFileType = wrapper.application; includeInIndex = 0; path = FormatFinder.app; sourceTree = BUILT_PRODUCTS_DIR; };
		5F307B73AF99260257A987D7 /* BallPhysicsEngine.swift */ = {isa = PBXFileReference; includeInIndex = 1; lastKnownFileType = sourcecode.swift; name = BallPhysicsEngine.swift; path = FormatFinder/UI/Effects/BallPhysicsEngine.swift; sourceTree = "<group>"; };
		6F5B7BF1C4C1EFE114675BF3 /* FormatComparisonVisualizer.swift */ = {isa = PBXFileReference; includeInIndex = 1; lastKnownFileType = sourcecode.swift; name = FormatComparisonVisualizer.swift; path = FormatFinder/Features/Analytics/FormatComparisonVisualizer.swift; sourceTree = "<group>"; };
		70A24190754BA3185FED2178 /* GlassmorphismEffects.swift */ = {isa = PBXFileReference; includeInIndex = 1; lastKnownFileType = sourcecode.swift; name = GlassmorphismEffects.swift; path = FormatFinder/UI/Effects/GlassmorphismEffects.swift; sourceTree = "<group>"; };
		72D70042D993682246FF5589 /* GenerateAppIcon.swift */ = {isa = PBXFileReference; includeInIndex = 1; lastKnownFileType = sourcecode.swift; name = GenerateAppIcon.swift; path = FormatFinder/Resources/GenerateAppIcon.swift; sourceTree = "<group>"; };
		75AED8FA7F57258E1BAEEFC3 /* AnimatedFormatExplainer.swift */ = {isa = PBXFileReference; includeInIndex = 1; lastKnownFileType = sourcecode.swift; name = AnimatedFormatExplainer.swift; path = FormatFinder/Features/Formats/AnimatedFormatExplainer.swift; sourceTree = "<group>"; };
		75D40F03962862BBE0D25520 /* FormatScorecards.swift */ = {isa = PBXFileReference; includeInIndex = 1; lastKnownFileType = sourcecode.swift; name = FormatScorecards.swift; path = FormatFinder/Features/Scorecards/FormatScorecards.swift; sourceTree = "<group>"; };
		846CC6E800A974423FBA2FA0 /* ErrorHandling.swift */ = {isa = PBXFileReference; includeInIndex = 1; lastKnownFileType = sourcecode.swift; name = ErrorHandling.swift; path = FormatFinder/Utils/ErrorHandling.swift; sourceTree = "<group>"; };
		88E8333E91D08829813029D8 /* StickFigureGolfAnimations.swift */ = {isa = PBXFileReference; includeInIndex = 1; lastKnownFileType = sourcecode.swift; name = StickFigureGolfAnimations.swift; path = FormatFinder/Features/Formats/StickFigureGolfAnimations.swift; sourceTree = "<group>"; };
		895D6896D6A4558B4295825C /* CoreDataStack.swift */ = {isa = PBXFileReference; includeInIndex = 1; lastKnownFileType = sourcecode.swift; name = CoreDataStack.swift; path = FormatFinder/Core/DataLayer/CoreDataStack.swift; sourceTree = "<group>"; };
		8C10D3EADB5201B292A3C5CD /* MicroInteractions.swift */ = {isa = PBXFileReference; includeInIndex = 1; lastKnownFileType = sourcecode.swift; name = MicroInteractions.swift; path = FormatFinder/UI/Effects/MicroInteractions.swift; sourceTree = "<group>"; };
		8D78C4042A786D416B21661D /* GolfFormat.swift */ = {isa = PBXFileReference; includeInIndex = 1; lastKnownFileType = sourcecode.swift; name = GolfFormat.swift; path = FormatFinder/Models/GolfFormat.swift; sourceTree = "<group>"; };
		9108CD63A781625B33C9DB80 /* DiagramSlides.swift */ = {isa = PBXFileReference; includeInIndex = 1; lastKnownFileType = sourcecode.swift; name = DiagramSlides.swift; path = FormatFinder/Features/Tutorials/DiagramSlides.swift; sourceTree = "<group>"; };
		93AEDA5F4D94EAD4DCF495BE /* Middleware.swift */ = {isa = PBXFileReference; includeInIndex = 1; lastKnownFileType = sourcecode.swift; name = Middleware.swift; path = FormatFinder/Core/Services/Middleware.swift; sourceTree = "<group>"; };
		963DDD2D427935039AE7C865 /* ScrambleFormat.swift */ = {isa = PBXFileReference; includeInIndex = 1; lastKnownFileType = sourcecode.swift; name = ScrambleFormat.swift; path = FormatFinder/Core/GameEngine/Formats/ScrambleFormat.swift; sourceTree = "<group>"; };
		9705B466CEAC35FCE3F2E62E /* TimerManager.swift */ = {isa = PBXFileReference; includeInIndex = 1; lastKnownFileType = sourcecode.swift; name = TimerManager.swift; path = FormatFinder/Utils/TimerManager.swift; sourceTree = "<group>"; };
		98A5A31F2F4BA3FE7D488E98 /* CloudKitSyncService.swift */ = {isa = PBXFileReference; includeInIndex = 1; lastKnownFileType = sourcecode.swift; name = CloudKitSyncService.swift; path = FormatFinder/Core/Services/CloudKitSyncService.swift; sourceTree = "<group>"; };
		B0586F2BCAA1F87419687770 /* AppIcon.swift */ = {isa = PBXFileReference; includeInIndex = 1; lastKnownFileType = sourcecode.swift; name = AppIcon.swift; path = FormatFinder/Resources/AppIcon.swift; sourceTree = "<group>"; };
		C49B85AE35DB758D960F43A7 /* StatsAndExport.swift */ = {isa = PBXFileReference; includeInIndex = 1; lastKnownFileType = sourcecode.swift; name = StatsAndExport.swift; path = FormatFinder/Features/Statistics/StatsAndExport.swift; sourceTree = "<group>"; };
		C4DC61D3938E3A265B76ED9C /* GameStore.swift */ = {isa = PBXFileReference; includeInIndex = 1; lastKnownFileType = sourcecode.swift; name = GameStore.swift; path = FormatFinder/Core/Services/GameStore.swift; sourceTree = "<group>"; };
		CA03059A54275CE63F669148 /* IntuitiveDemonstration.swift */ = {isa = PBXFileReference; includeInIndex = 1; lastKnownFileType = sourcecode.swift; name = IntuitiveDemonstration.swift; path = FormatFinder/Features/Formats/IntuitiveDemonstration.swift; sourceTree = "<group>"; };
		D351B7922749B3F2A593CEA8 /* GameModeSelector.swift */ = {isa = PBXFileReference; includeInIndex = 1; lastKnownFileType = sourcecode.swift; name = GameModeSelector.swift; path = FormatFinder/Features/GameModes/GameModeSelector.swift; sourceTree = "<group>"; };
		D501CF90AF73D6898FCBC09F /* EnhancedScorecardView.swift */ = {isa = PBXFileReference; includeInIndex = 1; lastKnownFileType = sourcecode.swift; name = EnhancedScorecardView.swift; path = FormatFinder/Features/Scorecards/EnhancedScorecardView.swift; sourceTree = "<group>"; };
		DB82E2AC0C8C94FB87010171 /* ThemeEngine.swift */ = {isa = PBXFileReference; includeInIndex = 1; lastKnownFileType = sourcecode.swift; name = ThemeEngine.swift; path = FormatFinder/UI/Theme/ThemeEngine.swift; sourceTree = "<group>"; };
		UNIFIEDTHEME1234567890ABD /* UnifiedTheme.swift */ = {isa = PBXFileReference; includeInIndex = 1; lastKnownFileType = sourcecode.swift; name = UnifiedTheme.swift; path = FormatFinder/UI/Theme/UnifiedTheme.swift; sourceTree = "<group>"; };
		GOLFFORMATHOME123456789AC /* GolfFormatHomeView.swift */ = {isa = PBXFileReference; includeInIndex = 1; lastKnownFileType = sourcecode.swift; name = GolfFormatHomeView.swift; path = FormatFinder/Features/Home/GolfFormatHomeView.swift; sourceTree = "<group>"; };
		DCF17F1AC343984E7C3F22D3 /* GameConfigurationView.swift */ = {isa = PBXFileReference; includeInIndex = 1; lastKnownFileType = sourcecode.swift; name = GameConfigurationView.swift; path = FormatFinder/Features/Configuration/GameConfigurationView.swift; sourceTree = "<group>"; };
		DD784F77B9B0D6542A9818B7 /* PerformanceOptimizations.swift */ = {isa = PBXFileReference; includeInIndex = 1; lastKnownFileType = sourcecode.swift; name = PerformanceOptimizations.swift; path = FormatFinder/Utils/PerformanceOptimizations.swift; sourceTree = "<group>"; };
		E0E38F143E19FACB0188B41B /* SmartCaddie.swift */ = {isa = PBXFileReference; includeInIndex = 1; lastKnownFileType = sourcecode.swift; name = SmartCaddie.swift; path = FormatFinder/Features/SmartCaddie.swift; sourceTree = "<group>"; };
		E90B204E74B06FD59AFFCFAD /* AccessibilityEnhancements.swift */ = {isa = PBXFileReference; includeInIndex = 1; lastKnownFileType = sourcecode.swift; name = AccessibilityEnhancements.swift; path = FormatFinder/Utils/AccessibilityEnhancements.swift; sourceTree = "<group>"; };
		EC09AE74289919090FCE8F30 /* FormatFinderApp.swift */ = {isa = PBXFileReference; includeInIndex = 1; lastKnownFileType = sourcecode.swift; name = FormatFinderApp.swift; path = FormatFinder/App/FormatFinderApp.swift; sourceTree = "<group>"; };
		EC238EDDA87FA71B2F523C04 /* ExtendedGolfFormats.swift */ = {isa = PBXFileReference; includeInIndex = 1; lastKnownFileType = sourcecode.swift; name = ExtendedGolfFormats.swift; path = FormatFinder/Models/ExtendedGolfFormats.swift; sourceTree = "<group>"; };
		EED86648EA2F41A97F3DCB9C /* InteractiveFormatView.swift */ = {isa = PBXFileReference; includeInIndex = 1; lastKnownFileType = sourcecode.swift; name = InteractiveFormatView.swift; path = FormatFinder/Features/Tutorials/InteractiveFormatView.swift; sourceTree = "<group>"; };
		F4B1F4511C97BE1AC7F0A5F7 /* StateAdapter.swift */ = {isa = PBXFileReference; includeInIndex = 1; lastKnownFileType = sourcecode.swift; name = StateAdapter.swift; path = FormatFinder/Utils/StateAdapter.swift; sourceTree = "<group>"; };
		FA86C08C421C79A3BE73B04F /* NavigationCoordinator.swift */ = {isa = PBXFileReference; includeInIndex = 1; lastKnownFileType = sourcecode.swift; name = NavigationCoordinator.swift; path = FormatFinder/Utils/NavigationCoordinator.swift; sourceTree = "<group>"; };
		FEC9C15A07B40C493641116E /* MastersFormatView.swift */ = {isa = PBXFileReference; includeInIndex = 1; lastKnownFileType = sourcecode.swift; name = MastersFormatView.swift; path = FormatFinder/Features/Formats/MastersFormatView.swift; sourceTree = "<group>"; };
		FF76B3B95836CC383CD7F973 /* AppIconView.swift */ = {isa = PBXFileReference; includeInIndex = 1; lastKnownFileType = sourcecode.swift; name = AppIconView.swift; path = FormatFinder/Resources/AppIconView.swift; sourceTree = "<group>"; };
		AABBCCDD1234567890ABCDE0 /* SwipeableFormatCards.swift */ = {isa = PBXFileReference; includeInIndex = 1; lastKnownFileType = sourcecode.swift; name = SwipeableFormatCards.swift; path = FormatFinder/Features/Formats/SwipeableFormatCards.swift; sourceTree = "<group>"; };
		AABBCCDD1234567890ABCDE2 /* FormatDataService.swift */ = {isa = PBXFileReference; includeInIndex = 1; lastKnownFileType = sourcecode.swift; name = FormatDataService.swift; path = FormatFinder/Core/Services/FormatDataService.swift; sourceTree = "<group>"; };
		COURSEDATA12345678901235 /* CourseData.swift */ = {isa = PBXFileReference; includeInIndex = 1; lastKnownFileType = sourcecode.swift; name = CourseData.swift; path = FormatFinder/Core/Models/CourseData.swift; sourceTree = "<group>"; };
/* End PBXFileReference section */

/* Begin PBXFrameworksBuildPhase section */
		6FE003F422BEAE5530D3B125 /* Frameworks */ = {
			isa = PBXFrameworksBuildPhase;
			buildActionMask = 2147483647;
			files = (
				C0135592E8AAF32F5219D446 /* Foundation.framework in Frameworks */,
			);
			runOnlyForDeploymentPostprocessing = 0;
		};
/* End PBXFrameworksBuildPhase section */

/* Begin PBXGroup section */
		1566EAC828B7D464CCE1225E /* Utils */ = {
			isa = PBXGroup;
			children = (
				E90B204E74B06FD59AFFCFAD /* AccessibilityEnhancements.swift */,
				846CC6E800A974423FBA2FA0 /* ErrorHandling.swift */,
				18A7AF4009716EA45FFFD94E /* FeatureFlags.swift */,
				FA86C08C421C79A3BE73B04F /* NavigationCoordinator.swift */,
				DD784F77B9B0D6542A9818B7 /* PerformanceOptimizations.swift */,
				F4B1F4511C97BE1AC7F0A5F7 /* StateAdapter.swift */,
				9705B466CEAC35FCE3F2E62E /* TimerManager.swift */,
				502EE0BC2BA8E5999BD2CAAE /* UXEnhancements.swift */,
			);
			name = Utils;
			sourceTree = "<group>";
		};
		1D0F9D76BFA351242487D2C8 /* Core */ = {
			isa = PBXGroup;
			children = (
				37BE70F8E616FFB8ECED2AD7 /* DataLayer */,
				E4CCC0B122781FB274BDFD98 /* GameEngine */,
				COREMODELS12345678901234 /* Models */,
				709DE828F29109447A232E93 /* Services */,
			);
			name = Core;
			sourceTree = "<group>";
		};
		2C7912282C7B92118EF405FB /* Statistics */ = {
			isa = PBXGroup;
			children = (
				C49B85AE35DB758D960F43A7 /* StatsAndExport.swift */,
			);
			name = Statistics;
			sourceTree = "<group>";
		};
		315491C5F8C39425D661348C /* Effects */ = {
			isa = PBXGroup;
			children = (
				5F307B73AF99260257A987D7 /* BallPhysicsEngine.swift */,
				70A24190754BA3185FED2178 /* GlassmorphismEffects.swift */,
				8C10D3EADB5201B292A3C5CD /* MicroInteractions.swift */,
			);
			name = Effects;
			sourceTree = "<group>";
		};
		32779D5666203ECAF5D3EFAB /* UI */ = {
			isa = PBXGroup;
			children = (
				AACB289D93E670A738B949EE /* Theme */,
				315491C5F8C39425D661348C /* Effects */,
			);
			name = UI;
			sourceTree = "<group>";
		};
		37BE70F8E616FFB8ECED2AD7 /* DataLayer */ = {
			isa = PBXGroup;
			children = (
				895D6896D6A4558B4295825C /* CoreDataStack.swift */,
				FBC5104CBD348B1DCF82771A /* Repositories */,
			);
			name = DataLayer;
			sourceTree = "<group>";
		};
		38DB35A8A6684D6756E9D763 /* Analytics */ = {
			isa = PBXGroup;
			children = (
				6F5B7BF1C4C1EFE114675BF3 /* FormatComparisonVisualizer.swift */,
			);
			name = Analytics;
			sourceTree = "<group>";
		};
		3C3AA2009AD3389F6D81DE30 /* Preview Content */ = {
			isa = PBXGroup;
			children = (
				50526F4B93CF2A77DED989DC /* Preview Assets.xcassets */,
			);
			name = "Preview Content";
			sourceTree = "<group>";
		};
		478327799D3FAE85F28944C8 /* App */ = {
			isa = PBXGroup;
			children = (
				EC09AE74289919090FCE8F30 /* FormatFinderApp.swift */,
			);
			name = App;
			sourceTree = "<group>";
		};
		4FE3B2A160202EB461F6C28C /* GameModes */ = {
			isa = PBXGroup;
			children = (
				D351B7922749B3F2A593CEA8 /* GameModeSelector.swift */,
			);
			name = GameModes;
			sourceTree = "<group>";
		};
		58AB669F29FCE0A4B1345D41 /* FormatFinder */ = {
			isa = PBXGroup;
			children = (
				478327799D3FAE85F28944C8 /* App */,
				1D0F9D76BFA351242487D2C8 /* Core */,
				9D277ECE815295E505E68E4D /* Features */,
				32779D5666203ECAF5D3EFAB /* UI */,
				957EE2C9D46C0E2971BCB8F6 /* Resources */,
				1566EAC828B7D464CCE1225E /* Utils */,
				08899AF940B684FE919708EF /* Assets.xcassets */,
				3C3AA2009AD3389F6D81DE30 /* Preview Content */,
				C47434AF28676C4ACEC2AAE2 /* Models */,
				D07089B6D27A980872E61277 /* Data */,
			);
			name = FormatFinder;
			sourceTree = "<group>";
		};
		59FA6BB9D2E9B061308F4D7B /* Formats */ = {
			isa = PBXGroup;
			children = (
				963DDD2D427935039AE7C865 /* ScrambleFormat.swift */,
			);
			name = Formats;
			sourceTree = "<group>";
		};
		5A3A4D172F901C8B46B048BD = {
			isa = PBXGroup;
			children = (
				BC8E58564DE33802F28D3562 /* Products */,
				7CC76F4C503D325A07DD2BCC /* Frameworks */,
				58AB669F29FCE0A4B1345D41 /* FormatFinder */,
			);
			sourceTree = "<group>";
		};
		709DE828F29109447A232E93 /* Services */ = {
			isa = PBXGroup;
			children = (
				98A5A31F2F4BA3FE7D488E98 /* CloudKitSyncService.swift */,
				C4DC61D3938E3A265B76ED9C /* GameStore.swift */,
				93AEDA5F4D94EAD4DCF495BE /* Middleware.swift */,
				46D04EDF00D893E83E7888AB /* BackendServices.swift */,
				AABBCCDD1234567890ABCDE2 /* FormatDataService.swift */,
			);
			name = Services;
			sourceTree = "<group>";
		};
		7294AF27906ED9BC760A9132 /* Configuration */ = {
			isa = PBXGroup;
			children = (
				DCF17F1AC343984E7C3F22D3 /* GameConfigurationView.swift */,
			);
			name = Configuration;
			sourceTree = "<group>";
		};
		7CC76F4C503D325A07DD2BCC /* Frameworks */ = {
			isa = PBXGroup;
			children = (
				B00A543DB89EE7E44129E326 /* iOS */,
			);
			name = Frameworks;
			sourceTree = "<group>";
		};
		957EE2C9D46C0E2971BCB8F6 /* Resources */ = {
			isa = PBXGroup;
			children = (
				B0586F2BCAA1F87419687770 /* AppIcon.swift */,
				FF76B3B95836CC383CD7F973 /* AppIconView.swift */,
				72D70042D993682246FF5589 /* GenerateAppIcon.swift */,
			);
			name = Resources;
			sourceTree = "<group>";
		};
		9D277ECE815295E505E68E4D /* Features */ = {
			isa = PBXGroup;
			children = (
				4FE3B2A160202EB461F6C28C /* GameModes */,
				F90B8971A539DB0C9289C4FE /* Scorecards */,
				2C7912282C7B92118EF405FB /* Statistics */,
				C7BC10FEC40612417BC94DF8 /* Tutorials */,
				E0E38F143E19FACB0188B41B /* SmartCaddie.swift */,
				7294AF27906ED9BC760A9132 /* Configuration */,
				D7A23A7F911FB8F04ACFAB93 /* Formats */,
				38DB35A8A6684D6756E9D763 /* Analytics */,
				HOMEGROUP123456789ABCDEF0 /* Home */,
				TASKLISTGROUP123456789AB0 /* TaskList */,
			);
			name = Features;
			sourceTree = "<group>";
		};
		AACB289D93E670A738B949EE /* Theme */ = {
			isa = PBXGroup;
			children = (
				DB82E2AC0C8C94FB87010171 /* ThemeEngine.swift */,
				UNIFIEDTHEME1234567890ABD /* UnifiedTheme.swift */,
			);
			name = Theme;
			sourceTree = "<group>";
		};
		B00A543DB89EE7E44129E326 /* iOS */ = {
			isa = PBXGroup;
			children = (
				4F7EBCB7180FC49D9578FC02 /* Foundation.framework */,
			);
			name = iOS;
			sourceTree = "<group>";
		};
		BC8E58564DE33802F28D3562 /* Products */ = {
			isa = PBXGroup;
			children = (
				5668695EE7092B09E29D1282 /* FormatFinder.app */,
			);
			name = Products;
			sourceTree = "<group>";
		};
		C47434AF28676C4ACEC2AAE2 /* Models */ = {
			isa = PBXGroup;
			children = (
				8D78C4042A786D416B21661D /* GolfFormat.swift */,
				EC238EDDA87FA71B2F523C04 /* ExtendedGolfFormats.swift */,
			);
			name = Models;
			sourceTree = "<group>";
		};
		C7BC10FEC40612417BC94DF8 /* Tutorials */ = {
			isa = PBXGroup;
			children = (
				9108CD63A781625B33C9DB80 /* DiagramSlides.swift */,
				EED86648EA2F41A97F3DCB9C /* InteractiveFormatView.swift */,
			);
			name = Tutorials;
			sourceTree = "<group>";
		};
		D07089B6D27A980872E61277 /* Data */ = {
			isa = PBXGroup;
			children = (
				237FC10D8A792814F4AED828 /* GolfFormatsData.swift */,
			);
			name = Data;
			sourceTree = "<group>";
		};
		D7A23A7F911FB8F04ACFAB93 /* Formats */ = {
			isa = PBXGroup;
			children = (
				75AED8FA7F57258E1BAEEFC3 /* AnimatedFormatExplainer.swift */,
				88E8333E91D08829813029D8 /* StickFigureGolfAnimations.swift */,
				CA03059A54275CE63F669148 /* IntuitiveDemonstration.swift */,
				FEC9C15A07B40C493641116E /* MastersFormatView.swift */,
				AABBCCDD1234567890ABCDE0 /* SwipeableFormatCards.swift */,
			);
			name = Formats;
			sourceTree = "<group>";
		};
		E4CCC0B122781FB274BDFD98 /* GameEngine */ = {
			isa = PBXGroup;
			children = (
				59FA6BB9D2E9B061308F4D7B /* Formats */,
				FDCA5FC771DE8BD7CB5027C1 /* Protocols */,
			);
			name = GameEngine;
			sourceTree = "<group>";
		};
		F90B8971A539DB0C9289C4FE /* Scorecards */ = {
			isa = PBXGroup;
			children = (
				495DA8EECB5F48BAF626FB60 /* AdvancedScorecards.swift */,
				75D40F03962862BBE0D25520 /* FormatScorecards.swift */,
				3AAB065B31BA04CE2BEE8A0A /* ModernScorecardView.swift */,
				22D536D37878D9F1C1784346 /* RemainingFormatScorecards.swift */,
				2940609A3A5192395662247F /* ScorecardContainer.swift */,
				D501CF90AF73D6898FCBC09F /* EnhancedScorecardView.swift */,
			);
			name = Scorecards;
			sourceTree = "<group>";
		};
		FBC5104CBD348B1DCF82771A /* Repositories */ = {
			isa = PBXGroup;
			children = (
				297879072AB0C78C77261FFA /* RoundRepository.swift */,
			);
			name = Repositories;
			sourceTree = "<group>";
		};
		FDCA5FC771DE8BD7CB5027C1 /* Protocols */ = {
			isa = PBXGroup;
			children = (
				338BA31ED6A0F14A27E2F3B4 /* GolfFormatProtocol.swift */,
			);
			name = Protocols;
			sourceTree = "<group>";
		};
		HOMEGROUP123456789ABCDEF0 /* Home */ = {
			isa = PBXGroup;
			children = (
				GOLFFORMATHOME123456789AC /* GolfFormatHomeView.swift */,
			);
			name = Home;
			sourceTree = "<group>";
		};
		TASKLISTGROUP123456789AB0 /* TaskList */ = {
			isa = PBXGroup;
			children = (
			);
			name = TaskList;
			sourceTree = "<group>";
		};
		COREMODELS12345678901234 /* Models */ = {
			isa = PBXGroup;
			children = (
				COURSEDATA12345678901235 /* CourseData.swift */,
			);
			name = Models;
			sourceTree = "<group>";
		};
/* End PBXGroup section */

/* Begin PBXNativeTarget section */
		EF3228529B9751442443F41D /* FormatFinder */ = {
			isa = PBXNativeTarget;
			buildConfigurationList = 75A2ACC206DA0AB17F4837FD /* Build configuration list for PBXNativeTarget "FormatFinder" */;
			buildPhases = (
				F23F34A498397F1A776B7EDB /* Sources */,
				6FE003F422BEAE5530D3B125 /* Frameworks */,
				18B1F4DC429CF5D65282F4B4 /* Resources */,
			);
			buildRules = (
			);
			dependencies = (
			);
			name = FormatFinder;
			productName = FormatFinder;
			productReference = 5668695EE7092B09E29D1282 /* FormatFinder.app */;
			productType = "com.apple.product-type.application";
		};
/* End PBXNativeTarget section */

/* Begin PBXProject section */
		B5C2A01BC084769495AE84F8 /* Project object */ = {
			isa = PBXProject;
			attributes = {
				LastSwiftUpdateCheck = 1600;
				LastUpgradeCheck = 1600;
			};
			buildConfigurationList = 902EEFEDFB75FCAAB1ECEF81 /* Build configuration list for PBXProject "FormatFinder" */;
			compatibilityVersion = "Xcode 3.2";
			developmentRegion = en;
			hasScannedForEncodings = 0;
			knownRegions = (
				en,
				Base,
			);
			mainGroup = 5A3A4D172F901C8B46B048BD;
			minimizedProjectReferenceProxies = 0;
			preferredProjectObjectVersion = 77;
			productRefGroup = BC8E58564DE33802F28D3562 /* Products */;
			projectDirPath = "";
			projectRoot = "";
			targets = (
				EF3228529B9751442443F41D /* FormatFinder */,
			);
		};
/* End PBXProject section */

/* Begin PBXResourcesBuildPhase section */
		18B1F4DC429CF5D65282F4B4 /* Resources */ = {
			isa = PBXResourcesBuildPhase;
			buildActionMask = 2147483647;
			files = (
				37CAD5B8B5AE702E29363D96 /* Assets.xcassets in Resources */,
				BF2D542766A37FF3D1FB9D03 /* Preview Assets.xcassets in Resources */,
			);
			runOnlyForDeploymentPostprocessing = 0;
		};
/* End PBXResourcesBuildPhase section */

/* Begin PBXSourcesBuildPhase section */
		F23F34A498397F1A776B7EDB /* Sources */ = {
			isa = PBXSourcesBuildPhase;
			buildActionMask = 2147483647;
			files = (
				1E4D179A119D0CF919B7D3FA /* FormatFinderApp.swift in Sources */,
				A41D63234948C89AFF49DE81 /* CoreDataStack.swift in Sources */,
				ACDC2EF19DC5A8E4B9C0FF30 /* RoundRepository.swift in Sources */,
				BC58B3E3B357F26385C8AC92 /* ScrambleFormat.swift in Sources */,
				5F2065C4BD7D631A46C02EEA /* GolfFormatProtocol.swift in Sources */,
				36CF14537E663182EE6FD684 /* CloudKitSyncService.swift in Sources */,
				CC638EF87EB90A40112E943D /* GameStore.swift in Sources */,
				ACDBEF145B73C934AF57DD99 /* Middleware.swift in Sources */,
				5A808D4CB1FCEF8ACA86281C /* GameModeSelector.swift in Sources */,
				BB7AB800E9682545A977BC28 /* AdvancedScorecards.swift in Sources */,
				EF51095FCA0F16A240D4EA65 /* FormatScorecards.swift in Sources */,
				B6E8D0CA126D27ECFEEB3D3B /* ModernScorecardView.swift in Sources */,
				C9F1FF360ECA04F3139E8836 /* RemainingFormatScorecards.swift in Sources */,
				D9548664BD7C9FD0681821A3 /* ScorecardContainer.swift in Sources */,
				02A09CA406D2CBFF87A58E37 /* StatsAndExport.swift in Sources */,
				10106D86FD0214B020A2CB1B /* DiagramSlides.swift in Sources */,
				217B447BCEF6240A41D3FCCD /* InteractiveFormatView.swift in Sources */,
				F4CFB4677C831A6D5B7FC574 /* SmartCaddie.swift in Sources */,
				AABBCCDD1234567890ABCDEF /* SwipeableFormatCards.swift in Sources */,
				AABBCCDD1234567890ABCDE1 /* FormatDataService.swift in Sources */,
				BD5E162E7A58E3A45C9C0B27 /* ThemeEngine.swift in Sources */,
				UNIFIEDTHEME1234567890ABC /* UnifiedTheme.swift in Sources */,
				GOLFFORMATHOME123456789AB /* GolfFormatHomeView.swift in Sources */,
				60105C96A3D5523799F37297 /* BallPhysicsEngine.swift in Sources */,
				CD892BD27E717190AC4AC394 /* GlassmorphismEffects.swift in Sources */,
				A7B261B4A720AB9512980B95 /* MicroInteractions.swift in Sources */,
				A89913C3EA102DEC59AF0205 /* AppIcon.swift in Sources */,
				E474712D3EB5CD39DE1C9EDA /* AppIconView.swift in Sources */,
				C4CC4F04ED32E0AA5771B63B /* GenerateAppIcon.swift in Sources */,
				AEE9F5FA470316C2741C86E9 /* AccessibilityEnhancements.swift in Sources */,
				A5931879232C836BA361BDF8 /* ErrorHandling.swift in Sources */,
				56EC1D0EC2761367E6413AA1 /* FeatureFlags.swift in Sources */,
				131BEA85452BA2B7730E094B /* NavigationCoordinator.swift in Sources */,
				791F77F30598E713353E0EDD /* PerformanceOptimizations.swift in Sources */,
				F20F65D82E9B9AA74B56BC05 /* StateAdapter.swift in Sources */,
				2D24CD249A2CF6849916EE52 /* TimerManager.swift in Sources */,
				4A485194E5222EF7DAC6999C /* UXEnhancements.swift in Sources */,
				BF95F59860048498028606CB /* GolfFormat.swift in Sources */,
				B21707DE43AE25887E585898 /* BackendServices.swift in Sources */,
				7B591622D391731B4014281C /* GolfFormatsData.swift in Sources */,
				363CCA0A492C0FA56A8A1C15 /* GameConfigurationView.swift in Sources */,
				102EF490AA64380D7D31FFAB /* EnhancedScorecardView.swift in Sources */,
				1FEE17158570A42E72679C8D /* AnimatedFormatExplainer.swift in Sources */,
				3885A59E0C00F4782048A391 /* ExtendedGolfFormats.swift in Sources */,
				2FD832BDDA404F520E59D025 /* StickFigureGolfAnimations.swift in Sources */,
				6FD05214AD3463AF5999D4BE /* IntuitiveDemonstration.swift in Sources */,
				F0FCE69AF07A8A8F43037BA9 /* MastersFormatView.swift in Sources */,
				77646A97F5FBEC475E550C23 /* FormatComparisonVisualizer.swift in Sources */,
				COURSEDATA12345678901234 /* CourseData.swift in Sources */,
			);
			runOnlyForDeploymentPostprocessing = 0;
		};
/* End PBXSourcesBuildPhase section */

/* Begin XCBuildConfiguration section */
		562C9804EF6D3FDBAEF80890 /* Release */ = {
			isa = XCBuildConfiguration;
			buildSettings = {
				ALWAYS_SEARCH_USER_PATHS = NO;
				ASSETCATALOG_COMPILER_APPICON_NAME = AppIcon;
				ASSETCATALOG_COMPILER_GLOBAL_ACCENT_COLOR_NAME = AccentColor;
				CLANG_ANALYZER_NONNULL = YES;
				CLANG_ANALYZER_NUMBER_OBJECT_CONVERSION = YES_AGGRESSIVE;
				CLANG_CXX_LANGUAGE_STANDARD = "gnu++14";
				CLANG_CXX_LIBRARY = "libc++";
				CLANG_ENABLE_MODULES = YES;
				CLANG_ENABLE_OBJC_ARC = YES;
				CLANG_ENABLE_OBJC_WEAK = YES;
				CLANG_WARN_BLOCK_CAPTURE_AUTORELEASING = YES;
				CLANG_WARN_BOOL_CONVERSION = YES;
				CLANG_WARN_COMMA = YES;
				CLANG_WARN_CONSTANT_CONVERSION = YES;
				CLANG_WARN_DEPRECATED_OBJC_IMPLEMENTATIONS = YES;
				CLANG_WARN_DIRECT_OBJC_ISA_USAGE = YES_ERROR;
				CLANG_WARN_DOCUMENTATION_COMMENTS = YES;
				CLANG_WARN_EMPTY_BODY = YES;
				CLANG_WARN_ENUM_CONVERSION = YES;
				CLANG_WARN_INFINITE_RECURSION = YES;
				CLANG_WARN_INT_CONVERSION = YES;
				CLANG_WARN_NON_LITERAL_NULL_CONVERSION = YES;
				CLANG_WARN_OBJC_IMPLICIT_RETAIN_SELF = YES;
				CLANG_WARN_OBJC_LITERAL_CONVERSION = YES;
				CLANG_WARN_OBJC_ROOT_CLASS = YES_ERROR;
				CLANG_WARN_QUOTED_INCLUDE_IN_FRAMEWORK_HEADER = YES;
				CLANG_WARN_RANGE_LOOP_ANALYSIS = YES;
				CLANG_WARN_STRICT_PROTOTYPES = YES;
				CLANG_WARN_SUSPICIOUS_MOVE = YES;
				CLANG_WARN_UNGUARDED_AVAILABILITY = YES_AGGRESSIVE;
				CLANG_WARN_UNREACHABLE_CODE = YES;
				CLANG_WARN__DUPLICATE_METHOD_MATCH = YES;
				CODE_SIGN_STYLE = Automatic;
				COPY_PHASE_STRIP = NO;
				CURRENT_PROJECT_VERSION = 1;
				DEBUG_INFORMATION_FORMAT = "dwarf-with-dsym";
				DEVELOPMENT_ASSET_PATHS = "\"FormatFinder/Preview Content\"";
				DEVELOPMENT_TEAM = 9LDVUD49X7;
				ENABLE_NS_ASSERTIONS = NO;
				ENABLE_PREVIEWS = YES;
				ENABLE_STRICT_OBJC_MSGSEND = YES;
				GCC_C_LANGUAGE_STANDARD = gnu11;
				GCC_NO_COMMON_BLOCKS = YES;
				GCC_WARN_64_TO_32_BIT_CONVERSION = YES;
				GCC_WARN_ABOUT_RETURN_TYPE = YES_ERROR;
				GCC_WARN_UNDECLARED_SELECTOR = YES;
				GCC_WARN_UNINITIALIZED_AUTOS = YES_AGGRESSIVE;
				GCC_WARN_UNUSED_FUNCTION = YES;
				GCC_WARN_UNUSED_VARIABLE = YES;
				GENERATE_INFOPLIST_FILE = YES;
				INFOPLIST_FILE = "";
				INFOPLIST_KEY_UIApplicationSceneManifest_Generation = YES;
				INFOPLIST_KEY_UIApplicationSupportsIndirectInputEvents = YES;
				INFOPLIST_KEY_UILaunchScreen_Generation = YES;
				INFOPLIST_KEY_UISupportedInterfaceOrientations_iPad = "UIInterfaceOrientationPortrait UIInterfaceOrientationPortraitUpsideDown UIInterfaceOrientationLandscapeLeft UIInterfaceOrientationLandscapeRight";
				INFOPLIST_KEY_UISupportedInterfaceOrientations_iPhone = "UIInterfaceOrientationPortrait UIInterfaceOrientationLandscapeLeft UIInterfaceOrientationLandscapeRight";
				IPHONEOS_DEPLOYMENT_TARGET = 17.0;
				MARKETING_VERSION = 1.0;
				MTL_ENABLE_DEBUG_INFO = NO;
				MTL_FAST_MATH = YES;
				PRODUCT_BUNDLE_IDENTIFIER = com.formatfinder.FormatFinder;
				PRODUCT_NAME = FormatFinder;
				SWIFT_COMPILATION_MODE = wholemodule;
				SWIFT_OPTIMIZATION_LEVEL = "-O";
				SWIFT_VERSION = 5.0;
				TARGETED_DEVICE_FAMILY = "1,2";
			};
			name = Release;
		};
		5F2EBF3A0E1D1DE5BDFC242E /* Debug */ = {
			isa = XCBuildConfiguration;
			buildSettings = {
				ALWAYS_SEARCH_USER_PATHS = NO;
				ASSETCATALOG_COMPILER_APPICON_NAME = AppIcon;
				ASSETCATALOG_COMPILER_GLOBAL_ACCENT_COLOR_NAME = AccentColor;
				CLANG_ANALYZER_NONNULL = YES;
				CLANG_ANALYZER_NUMBER_OBJECT_CONVERSION = YES_AGGRESSIVE;
				CLANG_CXX_LANGUAGE_STANDARD = "gnu++14";
				CLANG_CXX_LIBRARY = "libc++";
				CLANG_ENABLE_MODULES = YES;
				CLANG_ENABLE_OBJC_ARC = YES;
				CLANG_ENABLE_OBJC_WEAK = YES;
				CLANG_WARN_BLOCK_CAPTURE_AUTORELEASING = YES;
				CLANG_WARN_BOOL_CONVERSION = YES;
				CLANG_WARN_COMMA = YES;
				CLANG_WARN_CONSTANT_CONVERSION = YES;
				CLANG_WARN_DEPRECATED_OBJC_IMPLEMENTATIONS = YES;
				CLANG_WARN_DIRECT_OBJC_ISA_USAGE = YES_ERROR;
				CLANG_WARN_DOCUMENTATION_COMMENTS = YES;
				CLANG_WARN_EMPTY_BODY = YES;
				CLANG_WARN_ENUM_CONVERSION = YES;
				CLANG_WARN_INFINITE_RECURSION = YES;
				CLANG_WARN_INT_CONVERSION = YES;
				CLANG_WARN_NON_LITERAL_NULL_CONVERSION = YES;
				CLANG_WARN_OBJC_IMPLICIT_RETAIN_SELF = YES;
				CLANG_WARN_OBJC_LITERAL_CONVERSION = YES;
				CLANG_WARN_OBJC_ROOT_CLASS = YES_ERROR;
				CLANG_WARN_QUOTED_INCLUDE_IN_FRAMEWORK_HEADER = YES;
				CLANG_WARN_RANGE_LOOP_ANALYSIS = YES;
				CLANG_WARN_STRICT_PROTOTYPES = YES;
				CLANG_WARN_SUSPICIOUS_MOVE = YES;
				CLANG_WARN_UNGUARDED_AVAILABILITY = YES_AGGRESSIVE;
				CLANG_WARN_UNREACHABLE_CODE = YES;
				CLANG_WARN__DUPLICATE_METHOD_MATCH = YES;
				CODE_SIGN_STYLE = Automatic;
				COPY_PHASE_STRIP = NO;
				CURRENT_PROJECT_VERSION = 1;
				DEBUG_INFORMATION_FORMAT = dwarf;
				DEVELOPMENT_ASSET_PATHS = "\"FormatFinder/Preview Content\"";
				DEVELOPMENT_TEAM = 9LDVUD49X7;
				ENABLE_PREVIEWS = YES;
				ENABLE_STRICT_OBJC_MSGSEND = YES;
				ENABLE_TESTABILITY = YES;
				GCC_C_LANGUAGE_STANDARD = gnu11;
				GCC_DYNAMIC_NO_PIC = NO;
				GCC_NO_COMMON_BLOCKS = YES;
				GCC_OPTIMIZATION_LEVEL = 0;
				GCC_PREPROCESSOR_DEFINITIONS = (
					"DEBUG=1",
					"$(inherited)",
				);
				GCC_WARN_64_TO_32_BIT_CONVERSION = YES;
				GCC_WARN_ABOUT_RETURN_TYPE = YES_ERROR;
				GCC_WARN_UNDECLARED_SELECTOR = YES;
				GCC_WARN_UNINITIALIZED_AUTOS = YES_AGGRESSIVE;
				GCC_WARN_UNUSED_FUNCTION = YES;
				GCC_WARN_UNUSED_VARIABLE = YES;
				GENERATE_INFOPLIST_FILE = YES;
				INFOPLIST_FILE = "";
				INFOPLIST_KEY_UIApplicationSceneManifest_Generation = YES;
				INFOPLIST_KEY_UIApplicationSupportsIndirectInputEvents = YES;
				INFOPLIST_KEY_UILaunchScreen_Generation = YES;
				INFOPLIST_KEY_UISupportedInterfaceOrientations_iPad = "UIInterfaceOrientationPortrait UIInterfaceOrientationPortraitUpsideDown UIInterfaceOrientationLandscapeLeft UIInterfaceOrientationLandscapeRight";
				INFOPLIST_KEY_UISupportedInterfaceOrientations_iPhone = "UIInterfaceOrientationPortrait UIInterfaceOrientationLandscapeLeft UIInterfaceOrientationLandscapeRight";
				IPHONEOS_DEPLOYMENT_TARGET = 17.0;
				MARKETING_VERSION = 1.0;
				MTL_ENABLE_DEBUG_INFO = INCLUDE_SOURCE;
				MTL_FAST_MATH = YES;
				ONLY_ACTIVE_ARCH = YES;
				PRODUCT_BUNDLE_IDENTIFIER = com.formatfinder.FormatFinder;
				PRODUCT_NAME = FormatFinder;
				SWIFT_ACTIVE_COMPILATION_CONDITIONS = DEBUG;
				SWIFT_OPTIMIZATION_LEVEL = "-Onone";
				SWIFT_VERSION = 5.0;
				TARGETED_DEVICE_FAMILY = "1,2";
			};
			name = Debug;
		};
		659B2BDF1D012F8AB20E8E18 /* Debug */ = {
			isa = XCBuildConfiguration;
			buildSettings = {
				ASSETCATALOG_COMPILER_APPICON_NAME = AppIcon;
				ASSETCATALOG_COMPILER_GLOBAL_ACCENT_COLOR_NAME = AccentColor;
				CLANG_ENABLE_OBJC_WEAK = NO;
				IPHONEOS_DEPLOYMENT_TARGET = 17.0;
				LD_RUNPATH_SEARCH_PATHS = "$(inherited) @executable_path/Frameworks";
				SDKROOT = iphoneos;
				TARGETED_DEVICE_FAMILY = "1,2";
			};
			name = Debug;
		};
		862E95A6B999EA388FAD980A /* Release */ = {
			isa = XCBuildConfiguration;
			buildSettings = {
				ASSETCATALOG_COMPILER_APPICON_NAME = AppIcon;
				ASSETCATALOG_COMPILER_GLOBAL_ACCENT_COLOR_NAME = AccentColor;
				CLANG_ENABLE_OBJC_WEAK = NO;
				IPHONEOS_DEPLOYMENT_TARGET = 17.0;
				LD_RUNPATH_SEARCH_PATHS = "$(inherited) @executable_path/Frameworks";
				SDKROOT = iphoneos;
				TARGETED_DEVICE_FAMILY = "1,2";
				VALIDATE_PRODUCT = YES;
			};
			name = Release;
		};
/* End XCBuildConfiguration section */

/* Begin XCConfigurationList section */
		75A2ACC206DA0AB17F4837FD /* Build configuration list for PBXNativeTarget "FormatFinder" */ = {
			isa = XCConfigurationList;
			buildConfigurations = (
				862E95A6B999EA388FAD980A /* Release */,
				659B2BDF1D012F8AB20E8E18 /* Debug */,
			);
			defaultConfigurationIsVisible = 0;
			defaultConfigurationName = Release;
		};
		902EEFEDFB75FCAAB1ECEF81 /* Build configuration list for PBXProject "FormatFinder" */ = {
			isa = XCConfigurationList;
			buildConfigurations = (
				5F2EBF3A0E1D1DE5BDFC242E /* Debug */,
				562C9804EF6D3FDBAEF80890 /* Release */,
			);
			defaultConfigurationIsVisible = 0;
			defaultConfigurationName = Release;
		};
/* End XCConfigurationList section */
	};
	rootObject = B5C2A01BC084769495AE84F8 /* Project object */;
}
